Microsoft Visual Studio Solution File, Format Version 12.00
# Visual Studio 15
VisualStudioVersion = 15.0.26730.16
MinimumVisualStudioVersion = 15.0.26124.0
Project("{2150E333-8FDC-42A3-9474-1A3956D46DE8}") = "src", "src", "{0F0D9F8D-5190-43B5-AB71-FD436BF496D5}"
EndProject
Project("{9A19103F-16F7-4668-BE54-9A1E7A4F7556}") = "Mimic.Common", "src\Mimic.Common\Mimic.Common.csproj", "{E09E20CC-5E78-4A2B-9730-B069B1769C97}"
EndProject
Project("{9A19103F-16F7-4668-BE54-9A1E7A4F7556}") = "Mimic.RealmServer", "src\Mimic.RealmServer\Mimic.RealmServer.csproj", "{660EF0AA-D6BB-422D-B5D8-7E2C60AE6348}"
EndProject
Project("{9A19103F-16F7-4668-BE54-9A1E7A4F7556}") = "Mimic.WorldServer", "src\Mimic.WorldServer\Mimic.WorldServer.csproj", "{418EF75A-8A3D-48FD-A4E2-871368A9E95D}"
EndProject
Global
	GlobalSection(SolutionConfigurationPlatforms) = preSolution
		Debug|Any CPU = Debug|Any CPU
		Debug|x64 = Debug|x64
		Debug|x86 = Debug|x86
		Release|Any CPU = Release|Any CPU
		Release|x64 = Release|x64
		Release|x86 = Release|x86
	EndGlobalSection
	GlobalSection(ProjectConfigurationPlatforms) = postSolution
		{E09E20CC-5E78-4A2B-9730-B069B1769C97}.Debug|Any CPU.ActiveCfg = Debug|Any CPU
		{E09E20CC-5E78-4A2B-9730-B069B1769C97}.Debug|Any CPU.Build.0 = Debug|Any CPU
		{E09E20CC-5E78-4A2B-9730-B069B1769C97}.Debug|x64.ActiveCfg = Debug|Any CPU
		{E09E20CC-5E78-4A2B-9730-B069B1769C97}.Debug|x64.Build.0 = Debug|Any CPU
		{E09E20CC-5E78-4A2B-9730-B069B1769C97}.Debug|x86.ActiveCfg = Debug|Any CPU
		{E09E20CC-5E78-4A2B-9730-B069B1769C97}.Debug|x86.Build.0 = Debug|Any CPU
		{E09E20CC-5E78-4A2B-9730-B069B1769C97}.Release|Any CPU.ActiveCfg = Release|Any CPU
		{E09E20CC-5E78-4A2B-9730-B069B1769C97}.Release|Any CPU.Build.0 = Release|Any CPU
		{E09E20CC-5E78-4A2B-9730-B069B1769C97}.Release|x64.ActiveCfg = Release|Any CPU
		{E09E20CC-5E78-4A2B-9730-B069B1769C97}.Release|x64.Build.0 = Release|Any CPU
		{E09E20CC-5E78-4A2B-9730-B069B1769C97}.Release|x86.ActiveCfg = Release|Any CPU
		{E09E20CC-5E78-4A2B-9730-B069B1769C97}.Release|x86.Build.0 = Release|Any CPU
		{660EF0AA-D6BB-422D-B5D8-7E2C60AE6348}.Debug|Any CPU.ActiveCfg = Debug|Any CPU
		{660EF0AA-D6BB-422D-B5D8-7E2C60AE6348}.Debug|Any CPU.Build.0 = Debug|Any CPU
		{660EF0AA-D6BB-422D-B5D8-7E2C60AE6348}.Debug|x64.ActiveCfg = Debug|Any CPU
		{660EF0AA-D6BB-422D-B5D8-7E2C60AE6348}.Debug|x64.Build.0 = Debug|Any CPU
		{660EF0AA-D6BB-422D-B5D8-7E2C60AE6348}.Debug|x86.ActiveCfg = Debug|Any CPU
		{660EF0AA-D6BB-422D-B5D8-7E2C60AE6348}.Debug|x86.Build.0 = Debug|Any CPU
		{660EF0AA-D6BB-422D-B5D8-7E2C60AE6348}.Release|Any CPU.ActiveCfg = Release|Any CPU
		{660EF0AA-D6BB-422D-B5D8-7E2C60AE6348}.Release|Any CPU.Build.0 = Release|Any CPU
		{660EF0AA-D6BB-422D-B5D8-7E2C60AE6348}.Release|x64.ActiveCfg = Release|Any CPU
		{660EF0AA-D6BB-422D-B5D8-7E2C60AE6348}.Release|x64.Build.0 = Release|Any CPU
		{660EF0AA-D6BB-422D-B5D8-7E2C60AE6348}.Release|x86.ActiveCfg = Release|Any CPU
		{660EF0AA-D6BB-422D-B5D8-7E2C60AE6348}.Release|x86.Build.0 = Release|Any CPU
		{418EF75A-8A3D-48FD-A4E2-871368A9E95D}.Debug|Any CPU.ActiveCfg = Debug|Any CPU
		{418EF75A-8A3D-48FD-A4E2-871368A9E95D}.Debug|Any CPU.Build.0 = Debug|Any CPU
		{418EF75A-8A3D-48FD-A4E2-871368A9E95D}.Debug|x64.ActiveCfg = Debug|Any CPU
		{418EF75A-8A3D-48FD-A4E2-871368A9E95D}.Debug|x64.Build.0 = Debug|Any CPU
		{418EF75A-8A3D-48FD-A4E2-871368A9E95D}.Debug|x86.ActiveCfg = Debug|Any CPU
		{418EF75A-8A3D-48FD-A4E2-871368A9E95D}.Debug|x86.Build.0 = Debug|Any CPU
		{418EF75A-8A3D-48FD-A4E2-871368A9E95D}.Release|Any CPU.ActiveCfg = Release|Any CPU
		{418EF75A-8A3D-48FD-A4E2-871368A9E95D}.Release|Any CPU.Build.0 = Release|Any CPU
		{418EF75A-8A3D-48FD-A4E2-871368A9E95D}.Release|x64.ActiveCfg = Release|Any CPU
		{418EF75A-8A3D-48FD-A4E2-871368A9E95D}.Release|x64.Build.0 = Release|Any CPU
		{418EF75A-8A3D-48FD-A4E2-871368A9E95D}.Release|x86.ActiveCfg = Release|Any CPU
		{418EF75A-8A3D-48FD-A4E2-871368A9E95D}.Release|x86.Build.0 = Release|Any CPU
	EndGlobalSection
	GlobalSection(SolutionProperties) = preSolution
		HideSolutionNode = FALSE
	EndGlobalSection
	GlobalSection(NestedProjects) = preSolution
		{E09E20CC-5E78-4A2B-9730-B069B1769C97} = {0F0D9F8D-5190-43B5-AB71-FD436BF496D5}
		{660EF0AA-D6BB-422D-B5D8-7E2C60AE6348} = {0F0D9F8D-5190-43B5-AB71-FD436BF496D5}
		{418EF75A-8A3D-48FD-A4E2-871368A9E95D} = {0F0D9F8D-5190-43B5-AB71-FD436BF496D5}
	EndGlobalSection
	GlobalSection(ExtensibilityGlobals) = postSolution
		SolutionGuid = {391FD1A6-6B69-4204-85C8-F0F4E1D31E01}
	EndGlobalSection
EndGlobal
